
Microsoft Visual Studio Solution File, Format Version 12.00
# Visual Studio Version 17
VisualStudioVersion = 17.14.36408.4
MinimumVisualStudioVersion = 10.0.40219.1
Project("{2150E333-8FDC-42A3-9474-1A3956D46DE8}") = "src", "src", "{02EA681E-C7D8-13C7-8484-4AC65E1B71E8}"
EndProject
Project("{2150E333-8FDC-42A3-9474-1A3956D46DE8}") = "test", "test", "{8172E76F-7B23-4086-9835-A4E2211C3CA4}"
EndProject
Project("{2150E333-8FDC-42A3-9474-1A3956D46DE8}") = "examples", "examples", "{FBA1C60D-863F-4361-9F16-E99F2294A4C9}"
EndProject
Project("{FAE04EC0-301F-11D3-BF4B-00C04F79EFBC}") = "Lmzzz", "src\Lmzzz\Lmzzz.csproj", "{769CC61A-B646-4ECD-AD64-A03DC4E071B5}"
EndProject
Project("{FAE04EC0-301F-11D3-BF4B-00C04F79EFBC}") = "UT", "test\UT\UT.csproj", "{D2DBC8BA-3E33-4D90-AE13-F4A19CD6F964}"
EndProject
Project("{FAE04EC0-301F-11D3-BF4B-00C04F79EFBC}") = "Benchmarks", "test\Benchmarks\Benchmarks.csproj", "{4C24A7EC-BEBF-4860-9AAF-21638C46324A}"
EndProject
Project("{FAE04EC0-301F-11D3-BF4B-00C04F79EFBC}") = "Samples", "examples\Samples\Samples.csproj", "{C18A5F5F-4458-45E2-969B-87AFA598049B}"
EndProject
Project("{FAE04EC0-301F-11D3-BF4B-00C04F79EFBC}") = "Lmzzz.TemplateEngine", "src\Lmzzz.TemplateEngine\Lmzzz.TemplateEngine.csproj", "{1D722D56-CAC4-4C2F-B52D-A06A05A50E7E}"
EndProject
Project("{FAE04EC0-301F-11D3-BF4B-00C04F79EFBC}") = "Lmzzz.ABNF", "src\Lmzzz.ABNF\Lmzzz.ABNF.csproj", "{BE12DB68-994A-4645-8CA2-586C463174C4}"
EndProject
Global
	GlobalSection(SolutionConfigurationPlatforms) = preSolution
		Debug|Any CPU = Debug|Any CPU
		Release|Any CPU = Release|Any CPU
	EndGlobalSection
	GlobalSection(ProjectConfigurationPlatforms) = postSolution
		{769CC61A-B646-4ECD-AD64-A03DC4E071B5}.Debug|Any CPU.ActiveCfg = Debug|Any CPU
		{769CC61A-B646-4ECD-AD64-A03DC4E071B5}.Debug|Any CPU.Build.0 = Debug|Any CPU
		{769CC61A-B646-4ECD-AD64-A03DC4E071B5}.Release|Any CPU.ActiveCfg = Release|Any CPU
		{769CC61A-B646-4ECD-AD64-A03DC4E071B5}.Release|Any CPU.Build.0 = Release|Any CPU
		{D2DBC8BA-3E33-4D90-AE13-F4A19CD6F964}.Debug|Any CPU.ActiveCfg = Debug|Any CPU
		{D2DBC8BA-3E33-4D90-AE13-F4A19CD6F964}.Debug|Any CPU.Build.0 = Debug|Any CPU
		{D2DBC8BA-3E33-4D90-AE13-F4A19CD6F964}.Release|Any CPU.ActiveCfg = Release|Any CPU
		{D2DBC8BA-3E33-4D90-AE13-F4A19CD6F964}.Release|Any CPU.Build.0 = Release|Any CPU
		{4C24A7EC-BEBF-4860-9AAF-21638C46324A}.Debug|Any CPU.ActiveCfg = Debug|Any CPU
		{4C24A7EC-BEBF-4860-9AAF-21638C46324A}.Debug|Any CPU.Build.0 = Debug|Any CPU
		{4C24A7EC-BEBF-4860-9AAF-21638C46324A}.Release|Any CPU.ActiveCfg = Release|Any CPU
		{4C24A7EC-BEBF-4860-9AAF-21638C46324A}.Release|Any CPU.Build.0 = Release|Any CPU
		{C18A5F5F-4458-45E2-969B-87AFA598049B}.Debug|Any CPU.ActiveCfg = Debug|Any CPU
		{C18A5F5F-4458-45E2-969B-87AFA598049B}.Debug|Any CPU.Build.0 = Debug|Any CPU
		{C18A5F5F-4458-45E2-969B-87AFA598049B}.Release|Any CPU.ActiveCfg = Release|Any CPU
		{C18A5F5F-4458-45E2-969B-87AFA598049B}.Release|Any CPU.Build.0 = Release|Any CPU
		{1D722D56-CAC4-4C2F-B52D-A06A05A50E7E}.Debug|Any CPU.ActiveCfg = Debug|Any CPU
		{1D722D56-CAC4-4C2F-B52D-A06A05A50E7E}.Debug|Any CPU.Build.0 = Debug|Any CPU
		{1D722D56-CAC4-4C2F-B52D-A06A05A50E7E}.Release|Any CPU.ActiveCfg = Release|Any CPU
		{1D722D56-CAC4-4C2F-B52D-A06A05A50E7E}.Release|Any CPU.Build.0 = Release|Any CPU
		{BE12DB68-994A-4645-8CA2-586C463174C4}.Debug|Any CPU.ActiveCfg = Debug|Any CPU
		{BE12DB68-994A-4645-8CA2-586C463174C4}.Debug|Any CPU.Build.0 = Debug|Any CPU
		{BE12DB68-994A-4645-8CA2-586C463174C4}.Release|Any CPU.ActiveCfg = Release|Any CPU
		{BE12DB68-994A-4645-8CA2-586C463174C4}.Release|Any CPU.Build.0 = Release|Any CPU
	EndGlobalSection
	GlobalSection(SolutionProperties) = preSolution
		HideSolutionNode = FALSE
	EndGlobalSection
	GlobalSection(NestedProjects) = preSolution
		{769CC61A-B646-4ECD-AD64-A03DC4E071B5} = {02EA681E-C7D8-13C7-8484-4AC65E1B71E8}
		{D2DBC8BA-3E33-4D90-AE13-F4A19CD6F964} = {8172E76F-7B23-4086-9835-A4E2211C3CA4}
		{4C24A7EC-BEBF-4860-9AAF-21638C46324A} = {8172E76F-7B23-4086-9835-A4E2211C3CA4}
		{C18A5F5F-4458-45E2-969B-87AFA598049B} = {FBA1C60D-863F-4361-9F16-E99F2294A4C9}
		{1D722D56-CAC4-4C2F-B52D-A06A05A50E7E} = {02EA681E-C7D8-13C7-8484-4AC65E1B71E8}
		{BE12DB68-994A-4645-8CA2-586C463174C4} = {FBA1C60D-863F-4361-9F16-E99F2294A4C9}
	EndGlobalSection
	GlobalSection(ExtensibilityGlobals) = postSolution
		SolutionGuid = {43EA562D-D6F9-4C22-B96C-6DCA35AAF437}
	EndGlobalSection
EndGlobal
